// !$*UTF8*$!
{
	archiveVersion = 1;
	classes = {
	};
	objectVersion = 50;
	objects = {

/* Begin PBXBuildFile section */
		BF9E1AC823BE0C33003ECE07 /* AppDelegate.swift in Sources */ = {isa = PBXBuildFile; fileRef = BF9E1AC723BE0C33003ECE07 /* AppDelegate.swift */; };
		BF9E1ACA23BE0C33003ECE07 /* ViewController.swift in Sources */ = {isa = PBXBuildFile; fileRef = BF9E1AC923BE0C33003ECE07 /* ViewController.swift */; };
		BF9E1ACD23BE0C33003ECE07 /* Main.storyboard in Resources */ = {isa = PBXBuildFile; fileRef = BF9E1ACB23BE0C33003ECE07 /* Main.storyboard */; };
		BF9E1AD023BE0C33003ECE07 /* MoviesWatchApp.xcdatamodeld in Sources */ = {isa = PBXBuildFile; fileRef = BF9E1ACE23BE0C33003ECE07 /* MoviesWatchApp.xcdatamodeld */; };
		BF9E1AD223BE0C3C003ECE07 /* Assets.xcassets in Resources */ = {isa = PBXBuildFile; fileRef = BF9E1AD123BE0C3C003ECE07 /* Assets.xcassets */; };
		BF9E1AD523BE0C3C003ECE07 /* LaunchScreen.storyboard in Resources */ = {isa = PBXBuildFile; fileRef = BF9E1AD323BE0C3C003ECE07 /* LaunchScreen.storyboard */; };
/* End PBXBuildFile section */

/* Begin PBXFileReference section */
		BF9E1AC423BE0C33003ECE07 /* MoviesWatchApp.app */ = {isa = PBXFileReference; explicitFileType = wrapper.application; includeInIndex = 0; path = MoviesWatchApp.app; sourceTree = BUILT_PRODUCTS_DIR; };
		BF9E1AC723BE0C33003ECE07 /* AppDelegate.swift */ = {isa = PBXFileReference; lastKnownFileType = sourcecode.swift; path = AppDelegate.swift; sourceTree = "<group>"; };
		BF9E1AC923BE0C33003ECE07 /* ViewController.swift */ = {isa = PBXFileReference; lastKnownFileType = sourcecode.swift; path = ViewController.swift; sourceTree = "<group>"; };
		BF9E1ACC23BE0C33003ECE07 /* Base */ = {isa = PBXFileReference; lastKnownFileType = file.storyboard; name = Base; path = Base.lproj/Main.storyboard; sourceTree = "<group>"; };
		BF9E1ACF23BE0C33003ECE07 /* MoviesWatchApp.xcdatamodel */ = {isa = PBXFileReference; lastKnownFileType = wrapper.xcdatamodel; path = MoviesWatchApp.xcdatamodel; sourceTree = "<group>"; };
		BF9E1AD123BE0C3C003ECE07 /* Assets.xcassets */ = {isa = PBXFileReference; lastKnownFileType = folder.assetcatalog; path = Assets.xcassets; sourceTree = "<group>"; };
		BF9E1AD423BE0C3C003ECE07 /* Base */ = {isa = PBXFileReference; lastKnownFileType = file.storyboard; name = Base; path = Base.lproj/LaunchScreen.storyboard; sourceTree = "<group>"; };
		BF9E1AD623BE0C3C003ECE07 /* Info.plist */ = {isa = PBXFileReference; lastKnownFileType = text.plist.xml; path = Info.plist; sourceTree = "<group>"; };
/* End PBXFileReference section */

/* Begin PBXFrameworksBuildPhase section */
		BF9E1AC123BE0C33003ECE07 /* Frameworks */ = {
			isa = PBXFrameworksBuildPhase;
			buildActionMask = 2147483647;
			files = (
			);
			runOnlyForDeploymentPostprocessing = 0;
		};
/* End PBXFrameworksBuildPhase section */

/* Begin PBXGroup section */
		BF9E1ABB23BE0C33003ECE07 = {
			isa = PBXGroup;
			children = (
				BF9E1AC623BE0C33003ECE07 /* MoviesWatchApp */,
				BF9E1AC523BE0C33003ECE07 /* Products */,
			);
			sourceTree = "<group>";
		};
		BF9E1AC523BE0C33003ECE07 /* Products */ = {
			isa = PBXGroup;
			children = (
				BF9E1AC423BE0C33003ECE07 /* MoviesWatchApp.app */,
			);
			name = Products;
			sourceTree = "<group>";
		};
		BF9E1AC623BE0C33003ECE07 /* MoviesWatchApp */ = {
			isa = PBXGroup;
			children = (
				BF9E1AC723BE0C33003ECE07 /* AppDelegate.swift */,
				BF9E1AC923BE0C33003ECE07 /* ViewController.swift */,
				BF9E1ACB23BE0C33003ECE07 /* Main.storyboard */,
				BF9E1AD123BE0C3C003ECE07 /* Assets.xcassets */,
				BF9E1AD323BE0C3C003ECE07 /* LaunchScreen.storyboard */,
				BF9E1AD623BE0C3C003ECE07 /* Info.plist */,
				BF9E1ACE23BE0C33003ECE07 /* MoviesWatchApp.xcdatamodeld */,
			);
			path = MoviesWatchApp;
			sourceTree = "<group>";
		};
/* End PBXGroup section */

/* Begin PBXNativeTarget section */
		BF9E1AC323BE0C33003ECE07 /* MoviesWatchApp */ = {
			isa = PBXNativeTarget;
			buildConfigurationList = BF9E1AD923BE0C3C003ECE07 /* Build configuration list for PBXNativeTarget "MoviesWatchApp" */;
			buildPhases = (
				BF9E1AC023BE0C33003ECE07 /* Sources */,
				BF9E1AC123BE0C33003ECE07 /* Frameworks */,
				BF9E1AC223BE0C33003ECE07 /* Resources */,
			);
			buildRules = (
			);
			dependencies = (
			);
			name = MoviesWatchApp;
			productName = MoviesWatchApp;
			productReference = BF9E1AC423BE0C33003ECE07 /* MoviesWatchApp.app */;
			productType = "com.apple.product-type.application";
		};
/* End PBXNativeTarget section */

/* Begin PBXProject section */
		BF9E1ABC23BE0C33003ECE07 /* Project object */ = {
			isa = PBXProject;
			attributes = {
				LastSwiftUpdateCheck = 1000;
				LastUpgradeCheck = 1000;
				ORGANIZATIONNAME = MahmoudMohamed;
				TargetAttributes = {
					BF9E1AC323BE0C33003ECE07 = {
						CreatedOnToolsVersion = 10.0;
					};
				};
			};
			buildConfigurationList = BF9E1ABF23BE0C33003ECE07 /* Build configuration list for PBXProject "MoviesWatchApp" */;
			compatibilityVersion = "Xcode 9.3";
			developmentRegion = en;
			hasScannedForEncodings = 0;
			knownRegions = (
				en,
				Base,
			);
			mainGroup = BF9E1ABB23BE0C33003ECE07;
			productRefGroup = BF9E1AC523BE0C33003ECE07 /* Products */;
			projectDirPath = "";
			projectRoot = "";
			targets = (
				BF9E1AC323BE0C33003ECE07 /* MoviesWatchApp */,
			);
		};
/* End PBXProject section */

/* Begin PBXResourcesBuildPhase section */
		BF9E1AC223BE0C33003ECE07 /* Resources */ = {
			isa = PBXResourcesBuildPhase;
			buildActionMask = 2147483647;
			files = (
				BF9E1AD523BE0C3C003ECE07 /* LaunchScreen.storyboard in Resources */,
				BF9E1AD223BE0C3C003ECE07 /* Assets.xcassets in Resources */,
				BF9E1ACD23BE0C33003ECE07 /* Main.storyboard in Resources */,
			);
			runOnlyForDeploymentPostprocessing = 0;
		};
/* End PBXResourcesBuildPhase section */

/* Begin PBXSourcesBuildPhase section */
		BF9E1AC023BE0C33003ECE07 /* Sources */ = {
			isa = PBXSourcesBuildPhase;
			buildActionMask = 2147483647;
			files = (
				BF9E1AD023BE0C33003ECE07 /* MoviesWatchApp.xcdatamodeld in Sources */,
				BF9E1ACA23BE0C33003ECE07 /* ViewController.swift in Sources */,
				BF9E1AC823BE0C33003ECE07 /* AppDelegate.swift in Sources */,
			);
			runOnlyForDeploymentPostprocessing = 0;
		};
/* End PBXSourcesBuildPhase section */

/* Begin PBXVariantGroup section */
		BF9E1ACB23BE0C33003ECE07 /* Main.storyboard */ = {
			isa = PBXVariantGroup;
			children = (
				BF9E1ACC23BE0C33003ECE07 /* Base */,
			);
			name = Main.storyboard;
			sourceTree = "<group>";
		};
		BF9E1AD323BE0C3C003ECE07 /* LaunchScreen.storyboard */ = {
			isa = PBXVariantGroup;
			children = (
				BF9E1AD423BE0C3C003ECE07 /* Base */,
			);
			name = LaunchScreen.storyboard;
			sourceTree = "<group>";
		};
/* End PBXVariantGroup section */

/* Begin XCBuildConfiguration section */
		BF9E1AD723BE0C3C003ECE07 /* Debug */ = {
			isa = XCBuildConfiguration;
			buildSettings = {
				ALWAYS_SEARCH_USER_PATHS = NO;
				CLANG_ANALYZER_NONNULL = YES;
				CLANG_ANALYZER_NUMBER_OBJECT_CONVERSION = YES_AGGRESSIVE;
				CLANG_CXX_LANGUAGE_STANDARD = "gnu++14";
				CLANG_CXX_LIBRARY = "libc++";
				CLANG_ENABLE_MODULES = YES;
				CLANG_ENABLE_OBJC_ARC = YES;
				CLANG_ENABLE_OBJC_WEAK = YES;
				CLANG_WARN_BLOCK_CAPTURE_AUTORELEASING = YES;
				CLANG_WARN_BOOL_CONVERSION = YES;
				CLANG_WARN_COMMA = YES;
				CLANG_WARN_CONSTANT_CONVERSION = YES;
				CLANG_WARN_DEPRECATED_OBJC_IMPLEMENTATIONS = YES;
				CLANG_WARN_DIRECT_OBJC_ISA_USAGE = YES_ERROR;
				CLANG_WARN_DOCUMENTATION_COMMENTS = YES;
				CLANG_WARN_EMPTY_BODY = YES;
				CLANG_WARN_ENUM_CONVERSION = YES;
				CLANG_WARN_INFINITE_RECURSION = YES;
				CLANG_WARN_INT_CONVERSION = YES;
				CLANG_WARN_NON_LITERAL_NULL_CONVERSION = YES;
				CLANG_WARN_OBJC_IMPLICIT_RETAIN_SELF = YES;
				CLANG_WARN_OBJC_LITERAL_CONVERSION = YES;
				CLANG_WARN_OBJC_ROOT_CLASS = YES_ERROR;
				CLANG_WARN_RANGE_LOOP_ANALYSIS = YES;
				CLANG_WARN_STRICT_PROTOTYPES = YES;
				CLANG_WARN_SUSPICIOUS_MOVE = YES;
				CLANG_WARN_UNGUARDED_AVAILABILITY = YES_AGGRESSIVE;
				CLANG_WARN_UNREACHABLE_CODE = YES;
				CLANG_WARN__DUPLICATE_METHOD_MATCH = YES;
				CODE_SIGN_IDENTITY = "iPhone Developer";
				COPY_PHASE_STRIP = NO;
				DEBUG_INFORMATION_FORMAT = dwarf;
				ENABLE_STRICT_OBJC_MSGSEND = YES;
				ENABLE_TESTABILITY = YES;
				GCC_C_LANGUAGE_STANDARD = gnu11;
				GCC_DYNAMIC_NO_PIC = NO;
				GCC_NO_COMMON_BLOCKS = YES;
				GCC_OPTIMIZATION_LEVEL = 0;
				GCC_PREPROCESSOR_DEFINITIONS = (
					"DEBUG=1",
					"$(inherited)",
				);
				GCC_WARN_64_TO_32_BIT_CONVERSION = YES;
				GCC_WARN_ABOUT_RETURN_TYPE = YES_ERROR;
				GCC_WARN_UNDECLARED_SELECTOR = YES;
				GCC_WARN_UNINITIALIZED_AUTOS = YES_AGGRESSIVE;
				GCC_WARN_UNUSED_FUNCTION = YES;
				GCC_WARN_UNUSED_VARIABLE = YES;
				IPHONEOS_DEPLOYMENT_TARGET = 12.0;
				MTL_ENABLE_DEBUG_INFO = INCLUDE_SOURCE;
				MTL_FAST_MATH = YES;
				ONLY_ACTIVE_ARCH = YES;
				SDKROOT = iphoneos;
				SWIFT_ACTIVE_COMPILATION_CONDITIONS = DEBUG;
				SWIFT_OPTIMIZATION_LEVEL = "-Onone";
			};
			name = Debug;
		};
		BF9E1AD823BE0C3C003ECE07 /* Release */ = {
			isa = XCBuildConfiguration;
			buildSettings = {
				ALWAYS_SEARCH_USER_PATHS = NO;
				CLANG_ANALYZER_NONNULL = YES;
				CLANG_ANALYZER_NUMBER_OBJECT_CONVERSION = YES_AGGRESSIVE;
				CLANG_CXX_LANGUAGE_STANDARD = "gnu++14";
				CLANG_CXX_LIBRARY = "libc++";
				CLANG_ENABLE_MODULES = YES;
				CLANG_ENABLE_OBJC_ARC = YES;
				CLANG_ENABLE_OBJC_WEAK = YES;
				CLANG_WARN_BLOCK_CAPTURE_AUTORELEASING = YES;
				CLANG_WARN_BOOL_CONVERSION = YES;
				CLANG_WARN_COMMA = YES;
				CLANG_WARN_CONSTANT_CONVERSION = YES;
				CLANG_WARN_DEPRECATED_OBJC_IMPLEMENTATIONS = YES;
				CLANG_WARN_DIRECT_OBJC_ISA_USAGE = YES_ERROR;
				CLANG_WARN_DOCUMENTATION_COMMENTS = YES;
				CLANG_WARN_EMPTY_BODY = YES;
				CLANG_WARN_ENUM_CONVERSION = YES;
				CLANG_WARN_INFINITE_RECURSION = YES;
				CLANG_WARN_INT_CONVERSION = YES;
				CLANG_WARN_NON_LITERAL_NULL_CONVERSION = YES;
				CLANG_WARN_OBJC_IMPLICIT_RETAIN_SELF = YES;
				CLANG_WARN_OBJC_LITERAL_CONVERSION = YES;
				CLANG_WARN_OBJC_ROOT_CLASS = YES_ERROR;
				CLANG_WARN_RANGE_LOOP_ANALYSIS = YES;
				CLANG_WARN_STRICT_PROTOTYPES = YES;
				CLANG_WARN_SUSPICIOUS_MOVE = YES;
				CLANG_WARN_UNGUARDED_AVAILABILITY = YES_AGGRESSIVE;
				CLANG_WARN_UNREACHABLE_CODE = YES;
				CLANG_WARN__DUPLICATE_METHOD_MATCH = YES;
				CODE_SIGN_IDENTITY = "iPhone Developer";
				COPY_PHASE_STRIP = NO;
				DEBUG_INFORMATION_FORMAT = "dwarf-with-dsym";
				ENABLE_NS_ASSERTIONS = NO;
				ENABLE_STRICT_OBJC_MSGSEND = YES;
				GCC_C_LANGUAGE_STANDARD = gnu11;
				GCC_NO_COMMON_BLOCKS = YES;
				GCC_WARN_64_TO_32_BIT_CONVERSION = YES;
				GCC_WARN_ABOUT_RETURN_TYPE = YES_ERROR;
				GCC_WARN_UNDECLARED_SELECTOR = YES;
				GCC_WARN_UNINITIALIZED_AUTOS = YES_AGGRESSIVE;
				GCC_WARN_UNUSED_FUNCTION = YES;
				GCC_WARN_UNUSED_VARIABLE = YES;
				IPHONEOS_DEPLOYMENT_TARGET = 12.0;
				MTL_ENABLE_DEBUG_INFO = NO;
				MTL_FAST_MATH = YES;
				SDKROOT = iphoneos;
				SWIFT_COMPILATION_MODE = wholemodule;
				SWIFT_OPTIMIZATION_LEVEL = "-O";
				VALIDATE_PRODUCT = YES;
			};
			name = Release;
		};
		BF9E1ADA23BE0C3C003ECE07 /* Debug */ = {
			isa = XCBuildConfiguration;
			buildSettings = {
				ASSETCATALOG_COMPILER_APPICON_NAME = AppIcon;
				CODE_SIGN_STYLE = Automatic;
				INFOPLIST_FILE = MoviesWatchApp/Info.plist;
				LD_RUNPATH_SEARCH_PATHS = (
					"$(inherited)",
					"@executable_path/Frameworks",
				);
				PRODUCT_BUNDLE_IDENTIFIER = ITI.MoviesWatchApp;
				PRODUCT_NAME = "$(TARGET_NAME)";
				SWIFT_VERSION = 4.2;
				TARGETED_DEVICE_FAMILY = "1,2";
			};
			name = Debug;
		};
		BF9E1ADB23BE0C3C003ECE07 /* Release */ = {
			isa = XCBuildConfiguration;
			buildSettings = {
				ASSETCATALOG_COMPILER_APPICON_NAME = AppIcon;
				CODE_SIGN_STYLE = Automatic;
				INFOPLIST_FILE = MoviesWatchApp/Info.plist;
				LD_RUNPATH_SEARCH_PATHS = (
					"$(inherited)",
					"@executable_path/Frameworks",
				);
				PRODUCT_BUNDLE_IDENTIFIER = ITI.MoviesWatchApp;
				PRODUCT_NAME = "$(TARGET_NAME)";
				SWIFT_VERSION = 4.2;
				TARGETED_DEVICE_FAMILY = "1,2";
			};
			name = Release;
		};
/* End XCBuildConfiguration section */

/* Begin XCConfigurationList section */
		BF9E1ABF23BE0C33003ECE07 /* Build configuration list for PBXProject "MoviesWatchApp" */ = {
			isa = XCConfigurationList;
			buildConfigurations = (
				BF9E1AD723BE0C3C003ECE07 /* Debug */,
				BF9E1AD823BE0C3C003ECE07 /* Release */,
			);
			defaultConfigurationIsVisible = 0;
			defaultConfigurationName = Release;
		};
		BF9E1AD923BE0C3C003ECE07 /* Build configuration list for PBXNativeTarget "MoviesWatchApp" */ = {
			isa = XCConfigurationList;
			buildConfigurations = (
				BF9E1ADA23BE0C3C003ECE07 /* Debug */,
				BF9E1ADB23BE0C3C003ECE07 /* Release */,
			);
			defaultConfigurationIsVisible = 0;
			defaultConfigurationName = Release;
		};
/* End XCConfigurationList section */

/* Begin XCVersionGroup section */
		BF9E1ACE23BE0C33003ECE07 /* MoviesWatchApp.xcdatamodeld */ = {
			isa = XCVersionGroup;
			children = (
				BF9E1ACF23BE0C33003ECE07 /* MoviesWatchApp.xcdatamodel */,
			);
			currentVersion = BF9E1ACF23BE0C33003ECE07 /* MoviesWatchApp.xcdatamodel */;
			path = MoviesWatchApp.xcdatamodeld;
			sourceTree = "<group>";
			versionGroupType = wrapper.xcdatamodel;
		};
/* End XCVersionGroup section */
	};
	rootObject = BF9E1ABC23BE0C33003ECE07 /* Project object */;
}
